schema: '2.0'
stages:
  split_data:
    cmd: uv run python src/features/splits.py
    deps:
    - path: data/olist.duckdb
      hash: md5
      md5: e8e7209003297cf87b5c90759e50748e
      size: 55062528
    - path: src/features/splits.py
      hash: md5
      md5: 4c38c019dd08748c8acf63bad79f4f71
      size: 1873
    outs:
    - path: data/splits/
      hash: md5
      md5: 3aebe07e11f0533f2539cee3caa5f234.dir
      size: 25582206
      nfiles: 4
  build_features:
    cmd: uv run python src/features/build_features.py
    deps:
    - path: data/splits/
      hash: md5
      md5: 3aebe07e11f0533f2539cee3caa5f234.dir
      size: 25582206
      nfiles: 4
    - path: src/features/build_features.py
      hash: md5
      md5: 70104f9a72e1adc7b647ea8465d870b5
      size: 3760
    - path: src/features/cyclic.py
      hash: md5
      md5: 391058816563fb1af2da7a35b05221a1
      size: 1147
    - path: src/features/haversine.py
      hash: md5
      md5: bd7eba8997f69d10bc303c326e558f20
      size: 386
    - path: src/features/pipeline.py
      hash: md5
      md5: 794848b258603438c1c2f6d0f61a54c6
      size: 1433
    outs:
    - path: data/preprocessed/
      hash: md5
      md5: 105cec7c8df41eb38d8f3be791a714f0.dir
      size: 17098863
      nfiles: 10
